<Solution>
  <Project Path="../Baitap2 Thuc hanh OOP 3.2/Baitap2 Thuc hanh OOP 3.2.csproj" />
  <Project Path="../Baitap3 Thuc hanh OOP 3.2/Baitap3 Thuc hanh OOP 3.2.csproj" />
  <Project Path="../Baitap4 Thuc hanh OOP 3.2/Baitap4 Thuc hanh OOP 3.2.csproj" />
  <Project Path="Baitap1 Thuc hanh OOP 3.2.csproj" />
</Solution>
